// !$*UTF8*$!
{
	archiveVersion = 1;
	classes = {
	};
	objectVersion = 56;
	objects = {

/* Begin PBXBuildFile section */
		1F0238C229C0AA93008B0EC7 /* QuickLinkView.swift in Sources */ = {isa = PBXBuildFile; fileRef = 1F0238C129C0AA93008B0EC7 /* QuickLinkView.swift */; };
		1F0238C729C0B914008B0EC7 /* AnalysisIndex.swift in Sources */ = {isa = PBXBuildFile; fileRef = 1F0238C629C0B914008B0EC7 /* AnalysisIndex.swift */; };
		1F0238C929C0B920008B0EC7 /* NotificationIndex.swift in Sources */ = {isa = PBXBuildFile; fileRef = 1F0238C829C0B920008B0EC7 /* NotificationIndex.swift */; };
		1F0238CB29C0B92A008B0EC7 /* SettingsIndex.swift in Sources */ = {isa = PBXBuildFile; fileRef = 1F0238CA29C0B92A008B0EC7 /* SettingsIndex.swift */; };
		1F4C85F029BF2BBE00CA7822 /* Finance365App.swift in Sources */ = {isa = PBXBuildFile; fileRef = 1F4C85EF29BF2BBE00CA7822 /* Finance365App.swift */; };
		1F4C85F229BF2BBE00CA7822 /* ContentView.swift in Sources */ = {isa = PBXBuildFile; fileRef = 1F4C85F129BF2BBE00CA7822 /* ContentView.swift */; };
		1F4C85F429BF2BBF00CA7822 /* Assets.xcassets in Resources */ = {isa = PBXBuildFile; fileRef = 1F4C85F329BF2BBF00CA7822 /* Assets.xcassets */; };
		1F4C85F829BF2BBF00CA7822 /* Preview Assets.xcassets in Resources */ = {isa = PBXBuildFile; fileRef = 1F4C85F729BF2BBF00CA7822 /* Preview Assets.xcassets */; };
		1F4C860229BF2BBF00CA7822 /* Finance365Tests.swift in Sources */ = {isa = PBXBuildFile; fileRef = 1F4C860129BF2BBF00CA7822 /* Finance365Tests.swift */; };
		1F4C860C29BF2BBF00CA7822 /* Finance365UITests.swift in Sources */ = {isa = PBXBuildFile; fileRef = 1F4C860B29BF2BBF00CA7822 /* Finance365UITests.swift */; };
		1F4C860E29BF2BBF00CA7822 /* Finance365UITestsLaunchTests.swift in Sources */ = {isa = PBXBuildFile; fileRef = 1F4C860D29BF2BBF00CA7822 /* Finance365UITestsLaunchTests.swift */; };
		1F4C861B29BF2C6000CA7822 /* HeaderBar.swift in Sources */ = {isa = PBXBuildFile; fileRef = 1F4C861A29BF2C6000CA7822 /* HeaderBar.swift */; };
		1F4C861E29BF2CE600CA7822 /* HomeIndex.swift in Sources */ = {isa = PBXBuildFile; fileRef = 1F4C861D29BF2CE600CA7822 /* HomeIndex.swift */; };
		1F4C862329BF311200CA7822 /* Lato-Regular.ttf in Resources */ = {isa = PBXBuildFile; fileRef = 1F4C862029BF311200CA7822 /* Lato-Regular.ttf */; };
		1F4C862429BF311200CA7822 /* Lato-Italic.ttf in Resources */ = {isa = PBXBuildFile; fileRef = 1F4C862129BF311200CA7822 /* Lato-Italic.ttf */; };
		1F4C862529BF311200CA7822 /* Lato-Bold.ttf in Resources */ = {isa = PBXBuildFile; fileRef = 1F4C862229BF311200CA7822 /* Lato-Bold.ttf */; };
		1F4C862A29BF313A00CA7822 /* PTSerif-Regular.ttf in Resources */ = {isa = PBXBuildFile; fileRef = 1F4C862729BF313A00CA7822 /* PTSerif-Regular.ttf */; };
		1F4C862B29BF313A00CA7822 /* PTSerif-Bold.ttf in Resources */ = {isa = PBXBuildFile; fileRef = 1F4C862829BF313A00CA7822 /* PTSerif-Bold.ttf */; };
		1F4C862C29BF313A00CA7822 /* PTSerif-Italic.ttf in Resources */ = {isa = PBXBuildFile; fileRef = 1F4C862929BF313A00CA7822 /* PTSerif-Italic.ttf */; };
		1F4C863029BF36F500CA7822 /* CardView.swift in Sources */ = {isa = PBXBuildFile; fileRef = 1F4C862F29BF36F500CA7822 /* CardView.swift */; };
		1F4C863229BF429B00CA7822 /* BudgetSummaryView.swift in Sources */ = {isa = PBXBuildFile; fileRef = 1F4C863129BF429B00CA7822 /* BudgetSummaryView.swift */; };
		1F4C863429BF538600CA7822 /* ChartView.swift in Sources */ = {isa = PBXBuildFile; fileRef = 1F4C863329BF538600CA7822 /* ChartView.swift */; };
		1F54D1AE29C32EBE00D8DDE5 /* AnalysisHeaderView.swift in Sources */ = {isa = PBXBuildFile; fileRef = 1F54D1AD29C32EBE00D8DDE5 /* AnalysisHeaderView.swift */; };
		1F54D1B029C331DC00D8DDE5 /* ChartSummaryView.swift in Sources */ = {isa = PBXBuildFile; fileRef = 1F54D1AF29C331DC00D8DDE5 /* ChartSummaryView.swift */; };
		1F54D1B229C3349C00D8DDE5 /* CategoriesView.swift in Sources */ = {isa = PBXBuildFile; fileRef = 1F54D1B129C3349C00D8DDE5 /* CategoriesView.swift */; };
		1F54D1B429C34F7800D8DDE5 /* AnalysisQuickView.swift in Sources */ = {isa = PBXBuildFile; fileRef = 1F54D1B329C34F7800D8DDE5 /* AnalysisQuickView.swift */; };
/* End PBXBuildFile section */

/* Begin PBXContainerItemProxy section */
		1F4C85FE29BF2BBF00CA7822 /* PBXContainerItemProxy */ = {
			isa = PBXContainerItemProxy;
			containerPortal = 1F4C85E429BF2BBE00CA7822 /* Project object */;
			proxyType = 1;
			remoteGlobalIDString = 1F4C85EB29BF2BBE00CA7822;
			remoteInfo = Finance365;
		};
		1F4C860829BF2BBF00CA7822 /* PBXContainerItemProxy */ = {
			isa = PBXContainerItemProxy;
			containerPortal = 1F4C85E429BF2BBE00CA7822 /* Project object */;
			proxyType = 1;
			remoteGlobalIDString = 1F4C85EB29BF2BBE00CA7822;
			remoteInfo = Finance365;
		};
/* End PBXContainerItemProxy section */

/* Begin PBXFileReference section */
		1F0238C129C0AA93008B0EC7 /* QuickLinkView.swift */ = {isa = PBXFileReference; lastKnownFileType = sourcecode.swift; path = QuickLinkView.swift; sourceTree = "<group>"; };
		1F0238C629C0B914008B0EC7 /* AnalysisIndex.swift */ = {isa = PBXFileReference; lastKnownFileType = sourcecode.swift; path = AnalysisIndex.swift; sourceTree = "<group>"; };
		1F0238C829C0B920008B0EC7 /* NotificationIndex.swift */ = {isa = PBXFileReference; lastKnownFileType = sourcecode.swift; path = NotificationIndex.swift; sourceTree = "<group>"; };
		1F0238CA29C0B92A008B0EC7 /* SettingsIndex.swift */ = {isa = PBXFileReference; lastKnownFileType = sourcecode.swift; path = SettingsIndex.swift; sourceTree = "<group>"; };
		1F4C85EC29BF2BBE00CA7822 /* Finance365.app */ = {isa = PBXFileReference; explicitFileType = wrapper.application; includeInIndex = 0; path = Finance365.app; sourceTree = BUILT_PRODUCTS_DIR; };
		1F4C85EF29BF2BBE00CA7822 /* Finance365App.swift */ = {isa = PBXFileReference; lastKnownFileType = sourcecode.swift; path = Finance365App.swift; sourceTree = "<group>"; };
		1F4C85F129BF2BBE00CA7822 /* ContentView.swift */ = {isa = PBXFileReference; lastKnownFileType = sourcecode.swift; path = ContentView.swift; sourceTree = "<group>"; };
		1F4C85F329BF2BBF00CA7822 /* Assets.xcassets */ = {isa = PBXFileReference; lastKnownFileType = folder.assetcatalog; path = Assets.xcassets; sourceTree = "<group>"; };
		1F4C85F529BF2BBF00CA7822 /* Finance365.entitlements */ = {isa = PBXFileReference; lastKnownFileType = text.plist.entitlements; path = Finance365.entitlements; sourceTree = "<group>"; };
		1F4C85F729BF2BBF00CA7822 /* Preview Assets.xcassets */ = {isa = PBXFileReference; lastKnownFileType = folder.assetcatalog; path = "Preview Assets.xcassets"; sourceTree = "<group>"; };
		1F4C85FD29BF2BBF00CA7822 /* Finance365Tests.xctest */ = {isa = PBXFileReference; explicitFileType = wrapper.cfbundle; includeInIndex = 0; path = Finance365Tests.xctest; sourceTree = BUILT_PRODUCTS_DIR; };
		1F4C860129BF2BBF00CA7822 /* Finance365Tests.swift */ = {isa = PBXFileReference; lastKnownFileType = sourcecode.swift; path = Finance365Tests.swift; sourceTree = "<group>"; };
		1F4C860729BF2BBF00CA7822 /* Finance365UITests.xctest */ = {isa = PBXFileReference; explicitFileType = wrapper.cfbundle; includeInIndex = 0; path = Finance365UITests.xctest; sourceTree = BUILT_PRODUCTS_DIR; };
		1F4C860B29BF2BBF00CA7822 /* Finance365UITests.swift */ = {isa = PBXFileReference; lastKnownFileType = sourcecode.swift; path = Finance365UITests.swift; sourceTree = "<group>"; };
		1F4C860D29BF2BBF00CA7822 /* Finance365UITestsLaunchTests.swift */ = {isa = PBXFileReference; lastKnownFileType = sourcecode.swift; path = Finance365UITestsLaunchTests.swift; sourceTree = "<group>"; };
		1F4C861A29BF2C6000CA7822 /* HeaderBar.swift */ = {isa = PBXFileReference; lastKnownFileType = sourcecode.swift; path = HeaderBar.swift; sourceTree = "<group>"; };
		1F4C861D29BF2CE600CA7822 /* HomeIndex.swift */ = {isa = PBXFileReference; lastKnownFileType = sourcecode.swift; path = HomeIndex.swift; sourceTree = "<group>"; };
		1F4C862029BF311200CA7822 /* Lato-Regular.ttf */ = {isa = PBXFileReference; lastKnownFileType = file; path = "Lato-Regular.ttf"; sourceTree = "<group>"; };
		1F4C862129BF311200CA7822 /* Lato-Italic.ttf */ = {isa = PBXFileReference; lastKnownFileType = file; path = "Lato-Italic.ttf"; sourceTree = "<group>"; };
		1F4C862229BF311200CA7822 /* Lato-Bold.ttf */ = {isa = PBXFileReference; lastKnownFileType = file; path = "Lato-Bold.ttf"; sourceTree = "<group>"; };
		1F4C862729BF313A00CA7822 /* PTSerif-Regular.ttf */ = {isa = PBXFileReference; lastKnownFileType = file; path = "PTSerif-Regular.ttf"; sourceTree = "<group>"; };
		1F4C862829BF313A00CA7822 /* PTSerif-Bold.ttf */ = {isa = PBXFileReference; lastKnownFileType = file; path = "PTSerif-Bold.ttf"; sourceTree = "<group>"; };
		1F4C862929BF313A00CA7822 /* PTSerif-Italic.ttf */ = {isa = PBXFileReference; lastKnownFileType = file; path = "PTSerif-Italic.ttf"; sourceTree = "<group>"; };
		1F4C862E29BF321600CA7822 /* Info.plist */ = {isa = PBXFileReference; lastKnownFileType = text.plist; path = Info.plist; sourceTree = "<group>"; };
		1F4C862F29BF36F500CA7822 /* CardView.swift */ = {isa = PBXFileReference; lastKnownFileType = sourcecode.swift; path = CardView.swift; sourceTree = "<group>"; };
		1F4C863129BF429B00CA7822 /* BudgetSummaryView.swift */ = {isa = PBXFileReference; lastKnownFileType = sourcecode.swift; path = BudgetSummaryView.swift; sourceTree = "<group>"; };
		1F4C863329BF538600CA7822 /* ChartView.swift */ = {isa = PBXFileReference; lastKnownFileType = sourcecode.swift; path = ChartView.swift; sourceTree = "<group>"; };
		1F54D1AD29C32EBE00D8DDE5 /* AnalysisHeaderView.swift */ = {isa = PBXFileReference; lastKnownFileType = sourcecode.swift; path = AnalysisHeaderView.swift; sourceTree = "<group>"; };
		1F54D1AF29C331DC00D8DDE5 /* ChartSummaryView.swift */ = {isa = PBXFileReference; lastKnownFileType = sourcecode.swift; path = ChartSummaryView.swift; sourceTree = "<group>"; };
		1F54D1B129C3349C00D8DDE5 /* CategoriesView.swift */ = {isa = PBXFileReference; lastKnownFileType = sourcecode.swift; path = CategoriesView.swift; sourceTree = "<group>"; };
		1F54D1B329C34F7800D8DDE5 /* AnalysisQuickView.swift */ = {isa = PBXFileReference; lastKnownFileType = sourcecode.swift; path = AnalysisQuickView.swift; sourceTree = "<group>"; };
/* End PBXFileReference section */

/* Begin PBXFrameworksBuildPhase section */
		1F4C85E929BF2BBE00CA7822 /* Frameworks */ = {
			isa = PBXFrameworksBuildPhase;
			buildActionMask = 2147483647;
			files = (
			);
			runOnlyForDeploymentPostprocessing = 0;
		};
		1F4C85FA29BF2BBF00CA7822 /* Frameworks */ = {
			isa = PBXFrameworksBuildPhase;
			buildActionMask = 2147483647;
			files = (
			);
			runOnlyForDeploymentPostprocessing = 0;
		};
		1F4C860429BF2BBF00CA7822 /* Frameworks */ = {
			isa = PBXFrameworksBuildPhase;
			buildActionMask = 2147483647;
			files = (
			);
			runOnlyForDeploymentPostprocessing = 0;
		};
/* End PBXFrameworksBuildPhase section */

/* Begin PBXGroup section */
		1F0238C329C0B8D8008B0EC7 /* Analysis */ = {
			isa = PBXGroup;
			children = (
				1F0238C629C0B914008B0EC7 /* AnalysisIndex.swift */,
				1F54D1AD29C32EBE00D8DDE5 /* AnalysisHeaderView.swift */,
				1F54D1B329C34F7800D8DDE5 /* AnalysisQuickView.swift */,
				1F54D1AF29C331DC00D8DDE5 /* ChartSummaryView.swift */,
				1F54D1B129C3349C00D8DDE5 /* CategoriesView.swift */,
			);
			path = Analysis;
			sourceTree = "<group>";
		};
		1F0238C429C0B8E0008B0EC7 /* Notification */ = {
			isa = PBXGroup;
			children = (
				1F0238C829C0B920008B0EC7 /* NotificationIndex.swift */,
			);
			path = Notification;
			sourceTree = "<group>";
		};
		1F0238C529C0B8EC008B0EC7 /* Settings */ = {
			isa = PBXGroup;
			children = (
				1F0238CA29C0B92A008B0EC7 /* SettingsIndex.swift */,
			);
			path = Settings;
			sourceTree = "<group>";
		};
		1F4C85E329BF2BBE00CA7822 = {
			isa = PBXGroup;
			children = (
				1F4C85EE29BF2BBE00CA7822 /* Finance365 */,
				1F4C860029BF2BBF00CA7822 /* Finance365Tests */,
				1F4C860A29BF2BBF00CA7822 /* Finance365UITests */,
				1F4C85ED29BF2BBE00CA7822 /* Products */,
			);
			sourceTree = "<group>";
		};
		1F4C85ED29BF2BBE00CA7822 /* Products */ = {
			isa = PBXGroup;
			children = (
				1F4C85EC29BF2BBE00CA7822 /* Finance365.app */,
				1F4C85FD29BF2BBF00CA7822 /* Finance365Tests.xctest */,
				1F4C860729BF2BBF00CA7822 /* Finance365UITests.xctest */,
			);
			name = Products;
			sourceTree = "<group>";
		};
		1F4C85EE29BF2BBE00CA7822 /* Finance365 */ = {
			isa = PBXGroup;
			children = (
				1F4C862E29BF321600CA7822 /* Info.plist */,
				1F4C861F29BF30CB00CA7822 /* Font */,
				1F4C85EF29BF2BBE00CA7822 /* Finance365App.swift */,
				1F4C85F129BF2BBE00CA7822 /* ContentView.swift */,
				1F4C861C29BF2C6E00CA7822 /* Home */,
				1F0238C329C0B8D8008B0EC7 /* Analysis */,
				1F0238C429C0B8E0008B0EC7 /* Notification */,
				1F0238C529C0B8EC008B0EC7 /* Settings */,
				1F4C85F329BF2BBF00CA7822 /* Assets.xcassets */,
				1F4C85F529BF2BBF00CA7822 /* Finance365.entitlements */,
				1F4C85F629BF2BBF00CA7822 /* Preview Content */,
			);
			path = Finance365;
			sourceTree = "<group>";
		};
		1F4C85F629BF2BBF00CA7822 /* Preview Content */ = {
			isa = PBXGroup;
			children = (
				1F4C85F729BF2BBF00CA7822 /* Preview Assets.xcassets */,
			);
			path = "Preview Content";
			sourceTree = "<group>";
		};
		1F4C860029BF2BBF00CA7822 /* Finance365Tests */ = {
			isa = PBXGroup;
			children = (
				1F4C860129BF2BBF00CA7822 /* Finance365Tests.swift */,
			);
			path = Finance365Tests;
			sourceTree = "<group>";
		};
		1F4C860A29BF2BBF00CA7822 /* Finance365UITests */ = {
			isa = PBXGroup;
			children = (
				1F4C860B29BF2BBF00CA7822 /* Finance365UITests.swift */,
				1F4C860D29BF2BBF00CA7822 /* Finance365UITestsLaunchTests.swift */,
			);
			path = Finance365UITests;
			sourceTree = "<group>";
		};
		1F4C861C29BF2C6E00CA7822 /* Home */ = {
			isa = PBXGroup;
			children = (
				1F4C861D29BF2CE600CA7822 /* HomeIndex.swift */,
				1F4C861A29BF2C6000CA7822 /* HeaderBar.swift */,
				1F4C862F29BF36F500CA7822 /* CardView.swift */,
				1F4C863129BF429B00CA7822 /* BudgetSummaryView.swift */,
				1F4C863329BF538600CA7822 /* ChartView.swift */,
				1F0238C129C0AA93008B0EC7 /* QuickLinkView.swift */,
			);
			path = Home;
			sourceTree = "<group>";
		};
		1F4C861F29BF30CB00CA7822 /* Font */ = {
			isa = PBXGroup;
			children = (
				1F4C862D29BF314100CA7822 /* PT Serif */,
				1F4C862629BF312300CA7822 /* Lato */,
			);
			path = Font;
			sourceTree = "<group>";
		};
		1F4C862629BF312300CA7822 /* Lato */ = {
			isa = PBXGroup;
			children = (
				1F4C862229BF311200CA7822 /* Lato-Bold.ttf */,
				1F4C862129BF311200CA7822 /* Lato-Italic.ttf */,
				1F4C862029BF311200CA7822 /* Lato-Regular.ttf */,
			);
			path = Lato;
			sourceTree = "<group>";
		};
		1F4C862D29BF314100CA7822 /* PT Serif */ = {
			isa = PBXGroup;
			children = (
				1F4C862829BF313A00CA7822 /* PTSerif-Bold.ttf */,
				1F4C862929BF313A00CA7822 /* PTSerif-Italic.ttf */,
				1F4C862729BF313A00CA7822 /* PTSerif-Regular.ttf */,
			);
			path = "PT Serif";
			sourceTree = "<group>";
		};
/* End PBXGroup section */

/* Begin PBXNativeTarget section */
		1F4C85EB29BF2BBE00CA7822 /* Finance365 */ = {
			isa = PBXNativeTarget;
			buildConfigurationList = 1F4C861129BF2BBF00CA7822 /* Build configuration list for PBXNativeTarget "Finance365" */;
			buildPhases = (
				1F4C85E829BF2BBE00CA7822 /* Sources */,
				1F4C85E929BF2BBE00CA7822 /* Frameworks */,
				1F4C85EA29BF2BBE00CA7822 /* Resources */,
			);
			buildRules = (
			);
			dependencies = (
			);
			name = Finance365;
			productName = Finance365;
			productReference = 1F4C85EC29BF2BBE00CA7822 /* Finance365.app */;
			productType = "com.apple.product-type.application";
		};
		1F4C85FC29BF2BBF00CA7822 /* Finance365Tests */ = {
			isa = PBXNativeTarget;
			buildConfigurationList = 1F4C861429BF2BBF00CA7822 /* Build configuration list for PBXNativeTarget "Finance365Tests" */;
			buildPhases = (
				1F4C85F929BF2BBF00CA7822 /* Sources */,
				1F4C85FA29BF2BBF00CA7822 /* Frameworks */,
				1F4C85FB29BF2BBF00CA7822 /* Resources */,
			);
			buildRules = (
			);
			dependencies = (
				1F4C85FF29BF2BBF00CA7822 /* PBXTargetDependency */,
			);
			name = Finance365Tests;
			productName = Finance365Tests;
			productReference = 1F4C85FD29BF2BBF00CA7822 /* Finance365Tests.xctest */;
			productType = "com.apple.product-type.bundle.unit-test";
		};
		1F4C860629BF2BBF00CA7822 /* Finance365UITests */ = {
			isa = PBXNativeTarget;
			buildConfigurationList = 1F4C861729BF2BBF00CA7822 /* Build configuration list for PBXNativeTarget "Finance365UITests" */;
			buildPhases = (
				1F4C860329BF2BBF00CA7822 /* Sources */,
				1F4C860429BF2BBF00CA7822 /* Frameworks */,
				1F4C860529BF2BBF00CA7822 /* Resources */,
			);
			buildRules = (
			);
			dependencies = (
				1F4C860929BF2BBF00CA7822 /* PBXTargetDependency */,
			);
			name = Finance365UITests;
			productName = Finance365UITests;
			productReference = 1F4C860729BF2BBF00CA7822 /* Finance365UITests.xctest */;
			productType = "com.apple.product-type.bundle.ui-testing";
		};
/* End PBXNativeTarget section */

/* Begin PBXProject section */
		1F4C85E429BF2BBE00CA7822 /* Project object */ = {
			isa = PBXProject;
			attributes = {
				BuildIndependentTargetsInParallel = 1;
				LastSwiftUpdateCheck = 1420;
				LastUpgradeCheck = 1420;
				TargetAttributes = {
					1F4C85EB29BF2BBE00CA7822 = {
						CreatedOnToolsVersion = 14.2;
					};
					1F4C85FC29BF2BBF00CA7822 = {
						CreatedOnToolsVersion = 14.2;
						TestTargetID = 1F4C85EB29BF2BBE00CA7822;
					};
					1F4C860629BF2BBF00CA7822 = {
						CreatedOnToolsVersion = 14.2;
						TestTargetID = 1F4C85EB29BF2BBE00CA7822;
					};
				};
			};
			buildConfigurationList = 1F4C85E729BF2BBE00CA7822 /* Build configuration list for PBXProject "Finance365" */;
			compatibilityVersion = "Xcode 14.0";
			developmentRegion = en;
			hasScannedForEncodings = 0;
			knownRegions = (
				en,
				Base,
			);
			mainGroup = 1F4C85E329BF2BBE00CA7822;
			productRefGroup = 1F4C85ED29BF2BBE00CA7822 /* Products */;
			projectDirPath = "";
			projectRoot = "";
			targets = (
				1F4C85EB29BF2BBE00CA7822 /* Finance365 */,
				1F4C85FC29BF2BBF00CA7822 /* Finance365Tests */,
				1F4C860629BF2BBF00CA7822 /* Finance365UITests */,
			);
		};
/* End PBXProject section */

/* Begin PBXResourcesBuildPhase section */
		1F4C85EA29BF2BBE00CA7822 /* Resources */ = {
			isa = PBXResourcesBuildPhase;
			buildActionMask = 2147483647;
			files = (
				1F4C85F829BF2BBF00CA7822 /* Preview Assets.xcassets in Resources */,
				1F4C862529BF311200CA7822 /* Lato-Bold.ttf in Resources */,
				1F4C862329BF311200CA7822 /* Lato-Regular.ttf in Resources */,
				1F4C862A29BF313A00CA7822 /* PTSerif-Regular.ttf in Resources */,
				1F4C862429BF311200CA7822 /* Lato-Italic.ttf in Resources */,
				1F4C85F429BF2BBF00CA7822 /* Assets.xcassets in Resources */,
				1F4C862C29BF313A00CA7822 /* PTSerif-Italic.ttf in Resources */,
				1F4C862B29BF313A00CA7822 /* PTSerif-Bold.ttf in Resources */,
			);
			runOnlyForDeploymentPostprocessing = 0;
		};
		1F4C85FB29BF2BBF00CA7822 /* Resources */ = {
			isa = PBXResourcesBuildPhase;
			buildActionMask = 2147483647;
			files = (
			);
			runOnlyForDeploymentPostprocessing = 0;
		};
		1F4C860529BF2BBF00CA7822 /* Resources */ = {
			isa = PBXResourcesBuildPhase;
			buildActionMask = 2147483647;
			files = (
			);
			runOnlyForDeploymentPostprocessing = 0;
		};
/* End PBXResourcesBuildPhase section */

/* Begin PBXSourcesBuildPhase section */
		1F4C85E829BF2BBE00CA7822 /* Sources */ = {
			isa = PBXSourcesBuildPhase;
			buildActionMask = 2147483647;
			files = (
				1F54D1B229C3349C00D8DDE5 /* CategoriesView.swift in Sources */,
				1F4C863229BF429B00CA7822 /* BudgetSummaryView.swift in Sources */,
				1F4C861B29BF2C6000CA7822 /* HeaderBar.swift in Sources */,
				1F0238C729C0B914008B0EC7 /* AnalysisIndex.swift in Sources */,
				1F54D1B029C331DC00D8DDE5 /* ChartSummaryView.swift in Sources */,
				1F4C85F229BF2BBE00CA7822 /* ContentView.swift in Sources */,
				1F0238CB29C0B92A008B0EC7 /* SettingsIndex.swift in Sources */,
				1F4C863429BF538600CA7822 /* ChartView.swift in Sources */,
				1F0238C229C0AA93008B0EC7 /* QuickLinkView.swift in Sources */,
				1F4C85F029BF2BBE00CA7822 /* Finance365App.swift in Sources */,
				1F4C861E29BF2CE600CA7822 /* HomeIndex.swift in Sources */,
				1F4C863029BF36F500CA7822 /* CardView.swift in Sources */,
				1F0238C929C0B920008B0EC7 /* NotificationIndex.swift in Sources */,
				1F54D1B429C34F7800D8DDE5 /* AnalysisQuickView.swift in Sources */,
				1F54D1AE29C32EBE00D8DDE5 /* AnalysisHeaderView.swift in Sources */,
			);
			runOnlyForDeploymentPostprocessing = 0;
		};
		1F4C85F929BF2BBF00CA7822 /* Sources */ = {
			isa = PBXSourcesBuildPhase;
			buildActionMask = 2147483647;
			files = (
				1F4C860229BF2BBF00CA7822 /* Finance365Tests.swift in Sources */,
			);
			runOnlyForDeploymentPostprocessing = 0;
		};
		1F4C860329BF2BBF00CA7822 /* Sources */ = {
			isa = PBXSourcesBuildPhase;
			buildActionMask = 2147483647;
			files = (
				1F4C860E29BF2BBF00CA7822 /* Finance365UITestsLaunchTests.swift in Sources */,
				1F4C860C29BF2BBF00CA7822 /* Finance365UITests.swift in Sources */,
			);
			runOnlyForDeploymentPostprocessing = 0;
		};
/* End PBXSourcesBuildPhase section */

/* Begin PBXTargetDependency section */
		1F4C85FF29BF2BBF00CA7822 /* PBXTargetDependency */ = {
			isa = PBXTargetDependency;
			target = 1F4C85EB29BF2BBE00CA7822 /* Finance365 */;
			targetProxy = 1F4C85FE29BF2BBF00CA7822 /* PBXContainerItemProxy */;
		};
		1F4C860929BF2BBF00CA7822 /* PBXTargetDependency */ = {
			isa = PBXTargetDependency;
			target = 1F4C85EB29BF2BBE00CA7822 /* Finance365 */;
			targetProxy = 1F4C860829BF2BBF00CA7822 /* PBXContainerItemProxy */;
		};
/* End PBXTargetDependency section */

/* Begin XCBuildConfiguration section */
		1F4C860F29BF2BBF00CA7822 /* Debug */ = {
			isa = XCBuildConfiguration;
			buildSettings = {
				ALWAYS_SEARCH_USER_PATHS = NO;
				CLANG_ANALYZER_NONNULL = YES;
				CLANG_ANALYZER_NUMBER_OBJECT_CONVERSION = YES_AGGRESSIVE;
				CLANG_CXX_LANGUAGE_STANDARD = "gnu++20";
				CLANG_ENABLE_MODULES = YES;
				CLANG_ENABLE_OBJC_ARC = YES;
				CLANG_ENABLE_OBJC_WEAK = YES;
				CLANG_WARN_BLOCK_CAPTURE_AUTORELEASING = YES;
				CLANG_WARN_BOOL_CONVERSION = YES;
				CLANG_WARN_COMMA = YES;
				CLANG_WARN_CONSTANT_CONVERSION = YES;
				CLANG_WARN_DEPRECATED_OBJC_IMPLEMENTATIONS = YES;
				CLANG_WARN_DIRECT_OBJC_ISA_USAGE = YES_ERROR;
				CLANG_WARN_DOCUMENTATION_COMMENTS = YES;
				CLANG_WARN_EMPTY_BODY = YES;
				CLANG_WARN_ENUM_CONVERSION = YES;
				CLANG_WARN_INFINITE_RECURSION = YES;
				CLANG_WARN_INT_CONVERSION = YES;
				CLANG_WARN_NON_LITERAL_NULL_CONVERSION = YES;
				CLANG_WARN_OBJC_IMPLICIT_RETAIN_SELF = YES;
				CLANG_WARN_OBJC_LITERAL_CONVERSION = YES;
				CLANG_WARN_OBJC_ROOT_CLASS = YES_ERROR;
				CLANG_WARN_QUOTED_INCLUDE_IN_FRAMEWORK_HEADER = YES;
				CLANG_WARN_RANGE_LOOP_ANALYSIS = YES;
				CLANG_WARN_STRICT_PROTOTYPES = YES;
				CLANG_WARN_SUSPICIOUS_MOVE = YES;
				CLANG_WARN_UNGUARDED_AVAILABILITY = YES_AGGRESSIVE;
				CLANG_WARN_UNREACHABLE_CODE = YES;
				CLANG_WARN__DUPLICATE_METHOD_MATCH = YES;
				COPY_PHASE_STRIP = NO;
				DEBUG_INFORMATION_FORMAT = dwarf;
				ENABLE_STRICT_OBJC_MSGSEND = YES;
				ENABLE_TESTABILITY = YES;
				GCC_C_LANGUAGE_STANDARD = gnu11;
				GCC_DYNAMIC_NO_PIC = NO;
				GCC_NO_COMMON_BLOCKS = YES;
				GCC_OPTIMIZATION_LEVEL = 0;
				GCC_PREPROCESSOR_DEFINITIONS = (
					"DEBUG=1",
					"$(inherited)",
				);
				GCC_WARN_64_TO_32_BIT_CONVERSION = YES;
				GCC_WARN_ABOUT_RETURN_TYPE = YES_ERROR;
				GCC_WARN_UNDECLARED_SELECTOR = YES;
				GCC_WARN_UNINITIALIZED_AUTOS = YES_AGGRESSIVE;
				GCC_WARN_UNUSED_FUNCTION = YES;
				GCC_WARN_UNUSED_VARIABLE = YES;
				MTL_ENABLE_DEBUG_INFO = INCLUDE_SOURCE;
				MTL_FAST_MATH = YES;
				ONLY_ACTIVE_ARCH = YES;
				SWIFT_ACTIVE_COMPILATION_CONDITIONS = DEBUG;
				SWIFT_OPTIMIZATION_LEVEL = "-Onone";
			};
			name = Debug;
		};
		1F4C861029BF2BBF00CA7822 /* Release */ = {
			isa = XCBuildConfiguration;
			buildSettings = {
				ALWAYS_SEARCH_USER_PATHS = NO;
				CLANG_ANALYZER_NONNULL = YES;
				CLANG_ANALYZER_NUMBER_OBJECT_CONVERSION = YES_AGGRESSIVE;
				CLANG_CXX_LANGUAGE_STANDARD = "gnu++20";
				CLANG_ENABLE_MODULES = YES;
				CLANG_ENABLE_OBJC_ARC = YES;
				CLANG_ENABLE_OBJC_WEAK = YES;
				CLANG_WARN_BLOCK_CAPTURE_AUTORELEASING = YES;
				CLANG_WARN_BOOL_CONVERSION = YES;
				CLANG_WARN_COMMA = YES;
				CLANG_WARN_CONSTANT_CONVERSION = YES;
				CLANG_WARN_DEPRECATED_OBJC_IMPLEMENTATIONS = YES;
				CLANG_WARN_DIRECT_OBJC_ISA_USAGE = YES_ERROR;
				CLANG_WARN_DOCUMENTATION_COMMENTS = YES;
				CLANG_WARN_EMPTY_BODY = YES;
				CLANG_WARN_ENUM_CONVERSION = YES;
				CLANG_WARN_INFINITE_RECURSION = YES;
				CLANG_WARN_INT_CONVERSION = YES;
				CLANG_WARN_NON_LITERAL_NULL_CONVERSION = YES;
				CLANG_WARN_OBJC_IMPLICIT_RETAIN_SELF = YES;
				CLANG_WARN_OBJC_LITERAL_CONVERSION = YES;
				CLANG_WARN_OBJC_ROOT_CLASS = YES_ERROR;
				CLANG_WARN_QUOTED_INCLUDE_IN_FRAMEWORK_HEADER = YES;
				CLANG_WARN_RANGE_LOOP_ANALYSIS = YES;
				CLANG_WARN_STRICT_PROTOTYPES = YES;
				CLANG_WARN_SUSPICIOUS_MOVE = YES;
				CLANG_WARN_UNGUARDED_AVAILABILITY = YES_AGGRESSIVE;
				CLANG_WARN_UNREACHABLE_CODE = YES;
				CLANG_WARN__DUPLICATE_METHOD_MATCH = YES;
				COPY_PHASE_STRIP = NO;
				DEBUG_INFORMATION_FORMAT = "dwarf-with-dsym";
				ENABLE_NS_ASSERTIONS = NO;
				ENABLE_STRICT_OBJC_MSGSEND = YES;
				GCC_C_LANGUAGE_STANDARD = gnu11;
				GCC_NO_COMMON_BLOCKS = YES;
				GCC_WARN_64_TO_32_BIT_CONVERSION = YES;
				GCC_WARN_ABOUT_RETURN_TYPE = YES_ERROR;
				GCC_WARN_UNDECLARED_SELECTOR = YES;
				GCC_WARN_UNINITIALIZED_AUTOS = YES_AGGRESSIVE;
				GCC_WARN_UNUSED_FUNCTION = YES;
				GCC_WARN_UNUSED_VARIABLE = YES;
				MTL_ENABLE_DEBUG_INFO = NO;
				MTL_FAST_MATH = YES;
				SWIFT_COMPILATION_MODE = wholemodule;
				SWIFT_OPTIMIZATION_LEVEL = "-O";
			};
			name = Release;
		};
		1F4C861229BF2BBF00CA7822 /* Debug */ = {
			isa = XCBuildConfiguration;
			buildSettings = {
				ASSETCATALOG_COMPILER_APPICON_NAME = AppIcon;
				ASSETCATALOG_COMPILER_GLOBAL_ACCENT_COLOR_NAME = AccentColor;
				CODE_SIGN_ENTITLEMENTS = Finance365/Finance365.entitlements;
				CODE_SIGN_STYLE = Automatic;
				CURRENT_PROJECT_VERSION = 1;
				DEVELOPMENT_ASSET_PATHS = "\"Finance365/Preview Content\"";
				DEVELOPMENT_TEAM = RGK9UBPUGL;
				ENABLE_HARDENED_RUNTIME = YES;
				ENABLE_PREVIEWS = YES;
				GENERATE_INFOPLIST_FILE = YES;
				INFOPLIST_FILE = Finance365/Info.plist;
				"INFOPLIST_KEY_UIApplicationSceneManifest_Generation[sdk=iphoneos*]" = YES;
				"INFOPLIST_KEY_UIApplicationSceneManifest_Generation[sdk=iphonesimulator*]" = YES;
				"INFOPLIST_KEY_UIApplicationSupportsIndirectInputEvents[sdk=iphoneos*]" = YES;
				"INFOPLIST_KEY_UIApplicationSupportsIndirectInputEvents[sdk=iphonesimulator*]" = YES;
				"INFOPLIST_KEY_UILaunchScreen_Generation[sdk=iphoneos*]" = YES;
				"INFOPLIST_KEY_UILaunchScreen_Generation[sdk=iphonesimulator*]" = YES;
				"INFOPLIST_KEY_UIStatusBarStyle[sdk=iphoneos*]" = UIStatusBarStyleDefault;
				"INFOPLIST_KEY_UIStatusBarStyle[sdk=iphonesimulator*]" = UIStatusBarStyleDefault;
				INFOPLIST_KEY_UISupportedInterfaceOrientations_iPad = "UIInterfaceOrientationPortrait UIInterfaceOrientationPortraitUpsideDown UIInterfaceOrientationLandscapeLeft UIInterfaceOrientationLandscapeRight";
				INFOPLIST_KEY_UISupportedInterfaceOrientations_iPhone = "UIInterfaceOrientationPortrait UIInterfaceOrientationLandscapeLeft UIInterfaceOrientationLandscapeRight";
				IPHONEOS_DEPLOYMENT_TARGET = 16.2;
				LD_RUNPATH_SEARCH_PATHS = "@executable_path/Frameworks";
				"LD_RUNPATH_SEARCH_PATHS[sdk=macosx*]" = "@executable_path/../Frameworks";
				MACOSX_DEPLOYMENT_TARGET = 13.1;
				MARKETING_VERSION = 1.0;
				PRODUCT_BUNDLE_IDENTIFIER = com.finance365.zojieconcept.Finance365;
				PRODUCT_NAME = "$(TARGET_NAME)";
				SDKROOT = auto;
				SUPPORTED_PLATFORMS = "iphoneos iphonesimulator macosx";
				SWIFT_EMIT_LOC_STRINGS = YES;
				SWIFT_VERSION = 5.0;
				TARGETED_DEVICE_FAMILY = "1,2";
			};
			name = Debug;
		};
		1F4C861329BF2BBF00CA7822 /* Release */ = {
			isa = XCBuildConfiguration;
			buildSettings = {
				ASSETCATALOG_COMPILER_APPICON_NAME = AppIcon;
				ASSETCATALOG_COMPILER_GLOBAL_ACCENT_COLOR_NAME = AccentColor;
				CODE_SIGN_ENTITLEMENTS = Finance365/Finance365.entitlements;
				CODE_SIGN_STYLE = Automatic;
				CURRENT_PROJECT_VERSION = 1;
				DEVELOPMENT_ASSET_PATHS = "\"Finance365/Preview Content\"";
				DEVELOPMENT_TEAM = RGK9UBPUGL;
				ENABLE_HARDENED_RUNTIME = YES;
				ENABLE_PREVIEWS = YES;
				GENERATE_INFOPLIST_FILE = YES;
				INFOPLIST_FILE = Finance365/Info.plist;
				"INFOPLIST_KEY_UIApplicationSceneManifest_Generation[sdk=iphoneos*]" = YES;
				"INFOPLIST_KEY_UIApplicationSceneManifest_Generation[sdk=iphonesimulator*]" = YES;
				"INFOPLIST_KEY_UIApplicationSupportsIndirectInputEvents[sdk=iphoneos*]" = YES;
				"INFOPLIST_KEY_UIApplicationSupportsIndirectInputEvents[sdk=iphonesimulator*]" = YES;
				"INFOPLIST_KEY_UILaunchScreen_Generation[sdk=iphoneos*]" = YES;
				"INFOPLIST_KEY_UILaunchScreen_Generation[sdk=iphonesimulator*]" = YES;
				"INFOPLIST_KEY_UIStatusBarStyle[sdk=iphoneos*]" = UIStatusBarStyleDefault;
				"INFOPLIST_KEY_UIStatusBarStyle[sdk=iphonesimulator*]" = UIStatusBarStyleDefault;
				INFOPLIST_KEY_UISupportedInterfaceOrientations_iPad = "UIInterfaceOrientationPortrait UIInterfaceOrientationPortraitUpsideDown UIInterfaceOrientationLandscapeLeft UIInterfaceOrientationLandscapeRight";
				INFOPLIST_KEY_UISupportedInterfaceOrientations_iPhone = "UIInterfaceOrientationPortrait UIInterfaceOrientationLandscapeLeft UIInterfaceOrientationLandscapeRight";
				IPHONEOS_DEPLOYMENT_TARGET = 16.2;
				LD_RUNPATH_SEARCH_PATHS = "@executable_path/Frameworks";
				"LD_RUNPATH_SEARCH_PATHS[sdk=macosx*]" = "@executable_path/../Frameworks";
				MACOSX_DEPLOYMENT_TARGET = 13.1;
				MARKETING_VERSION = 1.0;
				PRODUCT_BUNDLE_IDENTIFIER = com.finance365.zojieconcept.Finance365;
				PRODUCT_NAME = "$(TARGET_NAME)";
				SDKROOT = auto;
				SUPPORTED_PLATFORMS = "iphoneos iphonesimulator macosx";
				SWIFT_EMIT_LOC_STRINGS = YES;
				SWIFT_VERSION = 5.0;
				TARGETED_DEVICE_FAMILY = "1,2";
			};
			name = Release;
		};
		1F4C861529BF2BBF00CA7822 /* Debug */ = {
			isa = XCBuildConfiguration;
			buildSettings = {
				ALWAYS_EMBED_SWIFT_STANDARD_LIBRARIES = YES;
				BUNDLE_LOADER = "$(TEST_HOST)";
				CODE_SIGN_STYLE = Automatic;
				CURRENT_PROJECT_VERSION = 1;
				DEVELOPMENT_TEAM = RGK9UBPUGL;
				GENERATE_INFOPLIST_FILE = YES;
				IPHONEOS_DEPLOYMENT_TARGET = 16.2;
				MACOSX_DEPLOYMENT_TARGET = 13.1;
				MARKETING_VERSION = 1.0;
				PRODUCT_BUNDLE_IDENTIFIER = com.finance365.zojieconcept.Finance365Tests;
				PRODUCT_NAME = "$(TARGET_NAME)";
				SDKROOT = auto;
				SUPPORTED_PLATFORMS = "iphoneos iphonesimulator macosx";
				SWIFT_EMIT_LOC_STRINGS = NO;
				SWIFT_VERSION = 5.0;
				TARGETED_DEVICE_FAMILY = "1,2";
				TEST_HOST = "$(BUILT_PRODUCTS_DIR)/Finance365.app/$(BUNDLE_EXECUTABLE_FOLDER_PATH)/Finance365";
			};
			name = Debug;
		};
		1F4C861629BF2BBF00CA7822 /* Release */ = {
			isa = XCBuildConfiguration;
			buildSettings = {
				ALWAYS_EMBED_SWIFT_STANDARD_LIBRARIES = YES;
				BUNDLE_LOADER = "$(TEST_HOST)";
				CODE_SIGN_STYLE = Automatic;
				CURRENT_PROJECT_VERSION = 1;
				DEVELOPMENT_TEAM = RGK9UBPUGL;
				GENERATE_INFOPLIST_FILE = YES;
				IPHONEOS_DEPLOYMENT_TARGET = 16.2;
				MACOSX_DEPLOYMENT_TARGET = 13.1;
				MARKETING_VERSION = 1.0;
				PRODUCT_BUNDLE_IDENTIFIER = com.finance365.zojieconcept.Finance365Tests;
				PRODUCT_NAME = "$(TARGET_NAME)";
				SDKROOT = auto;
				SUPPORTED_PLATFORMS = "iphoneos iphonesimulator macosx";
				SWIFT_EMIT_LOC_STRINGS = NO;
				SWIFT_VERSION = 5.0;
				TARGETED_DEVICE_FAMILY = "1,2";
				TEST_HOST = "$(BUILT_PRODUCTS_DIR)/Finance365.app/$(BUNDLE_EXECUTABLE_FOLDER_PATH)/Finance365";
			};
			name = Release;
		};
		1F4C861829BF2BBF00CA7822 /* Debug */ = {
			isa = XCBuildConfiguration;
			buildSettings = {
				ALWAYS_EMBED_SWIFT_STANDARD_LIBRARIES = YES;
				CODE_SIGN_STYLE = Automatic;
				CURRENT_PROJECT_VERSION = 1;
				DEVELOPMENT_TEAM = RGK9UBPUGL;
				GENERATE_INFOPLIST_FILE = YES;
				IPHONEOS_DEPLOYMENT_TARGET = 16.2;
				MACOSX_DEPLOYMENT_TARGET = 13.1;
				MARKETING_VERSION = 1.0;
				PRODUCT_BUNDLE_IDENTIFIER = com.finance365.zojieconcept.Finance365UITests;
				PRODUCT_NAME = "$(TARGET_NAME)";
				SDKROOT = auto;
				SUPPORTED_PLATFORMS = "iphoneos iphonesimulator macosx";
				SWIFT_EMIT_LOC_STRINGS = NO;
				SWIFT_VERSION = 5.0;
				TARGETED_DEVICE_FAMILY = "1,2";
				TEST_TARGET_NAME = Finance365;
			};
			name = Debug;
		};
		1F4C861929BF2BBF00CA7822 /* Release */ = {
			isa = XCBuildConfiguration;
			buildSettings = {
				ALWAYS_EMBED_SWIFT_STANDARD_LIBRARIES = YES;
				CODE_SIGN_STYLE = Automatic;
				CURRENT_PROJECT_VERSION = 1;
				DEVELOPMENT_TEAM = RGK9UBPUGL;
				GENERATE_INFOPLIST_FILE = YES;
				IPHONEOS_DEPLOYMENT_TARGET = 16.2;
				MACOSX_DEPLOYMENT_TARGET = 13.1;
				MARKETING_VERSION = 1.0;
				PRODUCT_BUNDLE_IDENTIFIER = com.finance365.zojieconcept.Finance365UITests;
				PRODUCT_NAME = "$(TARGET_NAME)";
				SDKROOT = auto;
				SUPPORTED_PLATFORMS = "iphoneos iphonesimulator macosx";
				SWIFT_EMIT_LOC_STRINGS = NO;
				SWIFT_VERSION = 5.0;
				TARGETED_DEVICE_FAMILY = "1,2";
				TEST_TARGET_NAME = Finance365;
			};
			name = Release;
		};
/* End XCBuildConfiguration section */

/* Begin XCConfigurationList section */
		1F4C85E729BF2BBE00CA7822 /* Build configuration list for PBXProject "Finance365" */ = {
			isa = XCConfigurationList;
			buildConfigurations = (
				1F4C860F29BF2BBF00CA7822 /* Debug */,
				1F4C861029BF2BBF00CA7822 /* Release */,
			);
			defaultConfigurationIsVisible = 0;
			defaultConfigurationName = Release;
		};
		1F4C861129BF2BBF00CA7822 /* Build configuration list for PBXNativeTarget "Finance365" */ = {
			isa = XCConfigurationList;
			buildConfigurations = (
				1F4C861229BF2BBF00CA7822 /* Debug */,
				1F4C861329BF2BBF00CA7822 /* Release */,
			);
			defaultConfigurationIsVisible = 0;
			defaultConfigurationName = Release;
		};
		1F4C861429BF2BBF00CA7822 /* Build configuration list for PBXNativeTarget "Finance365Tests" */ = {
			isa = XCConfigurationList;
			buildConfigurations = (
				1F4C861529BF2BBF00CA7822 /* Debug */,
				1F4C861629BF2BBF00CA7822 /* Release */,
			);
			defaultConfigurationIsVisible = 0;
			defaultConfigurationName = Release;
		};
		1F4C861729BF2BBF00CA7822 /* Build configuration list for PBXNativeTarget "Finance365UITests" */ = {
			isa = XCConfigurationList;
			buildConfigurations = (
				1F4C861829BF2BBF00CA7822 /* Debug */,
				1F4C861929BF2BBF00CA7822 /* Release */,
			);
			defaultConfigurationIsVisible = 0;
			defaultConfigurationName = Release;
		};
/* End XCConfigurationList section */
	};
	rootObject = 1F4C85E429BF2BBE00CA7822 /* Project object */;
}
